// !$*UTF8*$!
{
	archiveVersion = 1;
	classes = {
	};
	objectVersion = 46;
	objects = {

/* Begin PBXBuildFile section */
		82251AFE1AC989B7001F6DD4 /* main.m in Sources */ = {isa = PBXBuildFile; fileRef = 82251AFD1AC989B7001F6DD4 /* main.m */; };
		82251B011AC989B7001F6DD4 /* AppDelegate.m in Sources */ = {isa = PBXBuildFile; fileRef = 82251B001AC989B7001F6DD4 /* AppDelegate.m */; };
		82251B041AC989B7001F6DD4 /* ECHackDemoApp.xcdatamodeld in Sources */ = {isa = PBXBuildFile; fileRef = 82251B021AC989B7001F6DD4 /* ECHackDemoApp.xcdatamodeld */; };
		82251B071AC989B7001F6DD4 /* ViewController.m in Sources */ = {isa = PBXBuildFile; fileRef = 82251B061AC989B7001F6DD4 /* ViewController.m */; };
		82251B0A1AC989B7001F6DD4 /* Main.storyboard in Resources */ = {isa = PBXBuildFile; fileRef = 82251B081AC989B7001F6DD4 /* Main.storyboard */; };
		82251B0C1AC989B7001F6DD4 /* Images.xcassets in Resources */ = {isa = PBXBuildFile; fileRef = 82251B0B1AC989B7001F6DD4 /* Images.xcassets */; };
		82251B0F1AC989B7001F6DD4 /* LaunchScreen.xib in Resources */ = {isa = PBXBuildFile; fileRef = 82251B0D1AC989B7001F6DD4 /* LaunchScreen.xib */; };
		82251B1B1AC989B7001F6DD4 /* ECHackDemoAppTests.m in Sources */ = {isa = PBXBuildFile; fileRef = 82251B1A1AC989B7001F6DD4 /* ECHackDemoAppTests.m */; };
/* End PBXBuildFile section */

/* Begin PBXContainerItemProxy section */
		82251B151AC989B7001F6DD4 /* PBXContainerItemProxy */ = {
			isa = PBXContainerItemProxy;
			containerPortal = 82251AF01AC989B7001F6DD4 /* Project object */;
			proxyType = 1;
			remoteGlobalIDString = 82251AF71AC989B7001F6DD4;
			remoteInfo = ECHackDemoApp;
		};
/* End PBXContainerItemProxy section */

/* Begin PBXFileReference section */
		82251AF81AC989B7001F6DD4 /* ECHackDemoApp.app */ = {isa = PBXFileReference; explicitFileType = wrapper.application; includeInIndex = 0; path = ECHackDemoApp.app; sourceTree = BUILT_PRODUCTS_DIR; };
		82251AFC1AC989B7001F6DD4 /* Info.plist */ = {isa = PBXFileReference; lastKnownFileType = text.plist.xml; path = Info.plist; sourceTree = "<group>"; };
		82251AFD1AC989B7001F6DD4 /* main.m */ = {isa = PBXFileReference; lastKnownFileType = sourcecode.c.objc; path = main.m; sourceTree = "<group>"; };
		82251AFF1AC989B7001F6DD4 /* AppDelegate.h */ = {isa = PBXFileReference; lastKnownFileType = sourcecode.c.h; path = AppDelegate.h; sourceTree = "<group>"; };
		82251B001AC989B7001F6DD4 /* AppDelegate.m */ = {isa = PBXFileReference; lastKnownFileType = sourcecode.c.objc; path = AppDelegate.m; sourceTree = "<group>"; };
		82251B031AC989B7001F6DD4 /* ECHackDemoApp.xcdatamodel */ = {isa = PBXFileReference; lastKnownFileType = wrapper.xcdatamodel; path = ECHackDemoApp.xcdatamodel; sourceTree = "<group>"; };
		82251B051AC989B7001F6DD4 /* ViewController.h */ = {isa = PBXFileReference; lastKnownFileType = sourcecode.c.h; path = ViewController.h; sourceTree = "<group>"; };
		82251B061AC989B7001F6DD4 /* ViewController.m */ = {isa = PBXFileReference; lastKnownFileType = sourcecode.c.objc; path = ViewController.m; sourceTree = "<group>"; };
		82251B091AC989B7001F6DD4 /* Base */ = {isa = PBXFileReference; lastKnownFileType = file.storyboard; name = Base; path = Base.lproj/Main.storyboard; sourceTree = "<group>"; };
		82251B0B1AC989B7001F6DD4 /* Images.xcassets */ = {isa = PBXFileReference; lastKnownFileType = folder.assetcatalog; path = Images.xcassets; sourceTree = "<group>"; };
		82251B0E1AC989B7001F6DD4 /* Base */ = {isa = PBXFileReference; lastKnownFileType = file.xib; name = Base; path = Base.lproj/LaunchScreen.xib; sourceTree = "<group>"; };
		82251B141AC989B7001F6DD4 /* ECHackDemoAppTests.xctest */ = {isa = PBXFileReference; explicitFileType = wrapper.cfbundle; includeInIndex = 0; path = ECHackDemoAppTests.xctest; sourceTree = BUILT_PRODUCTS_DIR; };
		82251B191AC989B7001F6DD4 /* Info.plist */ = {isa = PBXFileReference; lastKnownFileType = text.plist.xml; path = Info.plist; sourceTree = "<group>"; };
		82251B1A1AC989B7001F6DD4 /* ECHackDemoAppTests.m */ = {isa = PBXFileReference; lastKnownFileType = sourcecode.c.objc; path = ECHackDemoAppTests.m; sourceTree = "<group>"; };
/* End PBXFileReference section */

/* Begin PBXFrameworksBuildPhase section */
		82251AF51AC989B7001F6DD4 /* Frameworks */ = {
			isa = PBXFrameworksBuildPhase;
			buildActionMask = 2147483647;
			files = (
			);
			runOnlyForDeploymentPostprocessing = 0;
		};
		82251B111AC989B7001F6DD4 /* Frameworks */ = {
			isa = PBXFrameworksBuildPhase;
			buildActionMask = 2147483647;
			files = (
			);
			runOnlyForDeploymentPostprocessing = 0;
		};
/* End PBXFrameworksBuildPhase section */

/* Begin PBXGroup section */
		82251AEF1AC989B7001F6DD4 = {
			isa = PBXGroup;
			children = (
				82251AFA1AC989B7001F6DD4 /* ECHackDemoApp */,
				82251B171AC989B7001F6DD4 /* ECHackDemoAppTests */,
				82251AF91AC989B7001F6DD4 /* Products */,
			);
			sourceTree = "<group>";
		};
		82251AF91AC989B7001F6DD4 /* Products */ = {
			isa = PBXGroup;
			children = (
				82251AF81AC989B7001F6DD4 /* ECHackDemoApp.app */,
				82251B141AC989B7001F6DD4 /* ECHackDemoAppTests.xctest */,
			);
			name = Products;
			sourceTree = "<group>";
		};
		82251AFA1AC989B7001F6DD4 /* ECHackDemoApp */ = {
			isa = PBXGroup;
			children = (
				82251AFF1AC989B7001F6DD4 /* AppDelegate.h */,
				82251B001AC989B7001F6DD4 /* AppDelegate.m */,
				82251B051AC989B7001F6DD4 /* ViewController.h */,
				82251B061AC989B7001F6DD4 /* ViewController.m */,
				82251B081AC989B7001F6DD4 /* Main.storyboard */,
				82251B0B1AC989B7001F6DD4 /* Images.xcassets */,
				82251B0D1AC989B7001F6DD4 /* LaunchScreen.xib */,
				82251B021AC989B7001F6DD4 /* ECHackDemoApp.xcdatamodeld */,
				82251AFB1AC989B7001F6DD4 /* Supporting Files */,
			);
			path = ECHackDemoApp;
			sourceTree = "<group>";
		};
		82251AFB1AC989B7001F6DD4 /* Supporting Files */ = {
			isa = PBXGroup;
			children = (
				82251AFC1AC989B7001F6DD4 /* Info.plist */,
				82251AFD1AC989B7001F6DD4 /* main.m */,
			);
			name = "Supporting Files";
			sourceTree = "<group>";
		};
		82251B171AC989B7001F6DD4 /* ECHackDemoAppTests */ = {
			isa = PBXGroup;
			children = (
				82251B1A1AC989B7001F6DD4 /* ECHackDemoAppTests.m */,
				82251B181AC989B7001F6DD4 /* Supporting Files */,
			);
			path = ECHackDemoAppTests;
			sourceTree = "<group>";
		};
		82251B181AC989B7001F6DD4 /* Supporting Files */ = {
			isa = PBXGroup;
			children = (
				82251B191AC989B7001F6DD4 /* Info.plist */,
			);
			name = "Supporting Files";
			sourceTree = "<group>";
		};
/* End PBXGroup section */

/* Begin PBXNativeTarget section */
		82251AF71AC989B7001F6DD4 /* ECHackDemoApp */ = {
			isa = PBXNativeTarget;
			buildConfigurationList = 82251B1E1AC989B7001F6DD4 /* Build configuration list for PBXNativeTarget "ECHackDemoApp" */;
			buildPhases = (
				82251AF41AC989B7001F6DD4 /* Sources */,
				82251AF51AC989B7001F6DD4 /* Frameworks */,
				82251AF61AC989B7001F6DD4 /* Resources */,
			);
			buildRules = (
			);
			dependencies = (
			);
			name = ECHackDemoApp;
			productName = ECHackDemoApp;
			productReference = 82251AF81AC989B7001F6DD4 /* ECHackDemoApp.app */;
			productType = "com.apple.product-type.application";
		};
		82251B131AC989B7001F6DD4 /* ECHackDemoAppTests */ = {
			isa = PBXNativeTarget;
			buildConfigurationList = 82251B211AC989B7001F6DD4 /* Build configuration list for PBXNativeTarget "ECHackDemoAppTests" */;
			buildPhases = (
				82251B101AC989B7001F6DD4 /* Sources */,
				82251B111AC989B7001F6DD4 /* Frameworks */,
				82251B121AC989B7001F6DD4 /* Resources */,
			);
			buildRules = (
			);
			dependencies = (
				82251B161AC989B7001F6DD4 /* PBXTargetDependency */,
			);
			name = ECHackDemoAppTests;
			productName = ECHackDemoAppTests;
			productReference = 82251B141AC989B7001F6DD4 /* ECHackDemoAppTests.xctest */;
			productType = "com.apple.product-type.bundle.unit-test";
		};
/* End PBXNativeTarget section */

/* Begin PBXProject section */
		82251AF01AC989B7001F6DD4 /* Project object */ = {
			isa = PBXProject;
			attributes = {
				LastUpgradeCheck = 0620;
				ORGANIZATIONNAME = Microsoft;
				TargetAttributes = {
					82251AF71AC989B7001F6DD4 = {
						CreatedOnToolsVersion = 6.2;
					};
					82251B131AC989B7001F6DD4 = {
						CreatedOnToolsVersion = 6.2;
						TestTargetID = 82251AF71AC989B7001F6DD4;
					};
				};
			};
			buildConfigurationList = 82251AF31AC989B7001F6DD4 /* Build configuration list for PBXProject "ECHackDemoApp" */;
			compatibilityVersion = "Xcode 3.2";
			developmentRegion = English;
			hasScannedForEncodings = 0;
			knownRegions = (
				en,
				Base,
			);
			mainGroup = 82251AEF1AC989B7001F6DD4;
			productRefGroup = 82251AF91AC989B7001F6DD4 /* Products */;
			projectDirPath = "";
			projectRoot = "";
			targets = (
				82251AF71AC989B7001F6DD4 /* ECHackDemoApp */,
				82251B131AC989B7001F6DD4 /* ECHackDemoAppTests */,
			);
		};
/* End PBXProject section */

/* Begin PBXResourcesBuildPhase section */
		82251AF61AC989B7001F6DD4 /* Resources */ = {
			isa = PBXResourcesBuildPhase;
			buildActionMask = 2147483647;
			files = (
				82251B0A1AC989B7001F6DD4 /* Main.storyboard in Resources */,
				82251B0F1AC989B7001F6DD4 /* LaunchScreen.xib in Resources */,
				82251B0C1AC989B7001F6DD4 /* Images.xcassets in Resources */,
			);
			runOnlyForDeploymentPostprocessing = 0;
		};
		82251B121AC989B7001F6DD4 /* Resources */ = {
			isa = PBXResourcesBuildPhase;
			buildActionMask = 2147483647;
			files = (
			);
			runOnlyForDeploymentPostprocessing = 0;
		};
/* End PBXResourcesBuildPhase section */

/* Begin PBXSourcesBuildPhase section */
		82251AF41AC989B7001F6DD4 /* Sources */ = {
			isa = PBXSourcesBuildPhase;
			buildActionMask = 2147483647;
			files = (
				82251B011AC989B7001F6DD4 /* AppDelegate.m in Sources */,
				82251AFE1AC989B7001F6DD4 /* main.m in Sources */,
				82251B071AC989B7001F6DD4 /* ViewController.m in Sources */,
				82251B041AC989B7001F6DD4 /* ECHackDemoApp.xcdatamodeld in Sources */,
			);
			runOnlyForDeploymentPostprocessing = 0;
		};
		82251B101AC989B7001F6DD4 /* Sources */ = {
			isa = PBXSourcesBuildPhase;
			buildActionMask = 2147483647;
			files = (
				82251B1B1AC989B7001F6DD4 /* ECHackDemoAppTests.m in Sources */,
			);
			runOnlyForDeploymentPostprocessing = 0;
		};
/* End PBXSourcesBuildPhase section */

/* Begin PBXTargetDependency section */
		82251B161AC989B7001F6DD4 /* PBXTargetDependency */ = {
			isa = PBXTargetDependency;
			target = 82251AF71AC989B7001F6DD4 /* ECHackDemoApp */;
			targetProxy = 82251B151AC989B7001F6DD4 /* PBXContainerItemProxy */;
		};
/* End PBXTargetDependency section */

/* Begin PBXVariantGroup section */
		82251B081AC989B7001F6DD4 /* Main.storyboard */ = {
			isa = PBXVariantGroup;
			children = (
				82251B091AC989B7001F6DD4 /* Base */,
			);
			name = Main.storyboard;
			sourceTree = "<group>";
		};
		82251B0D1AC989B7001F6DD4 /* LaunchScreen.xib */ = {
			isa = PBXVariantGroup;
			children = (
				82251B0E1AC989B7001F6DD4 /* Base */,
			);
			name = LaunchScreen.xib;
			sourceTree = "<group>";
		};
/* End PBXVariantGroup section */

/* Begin XCBuildConfiguration section */
		82251B1C1AC989B7001F6DD4 /* Debug */ = {
			isa = XCBuildConfiguration;
			buildSettings = {
				ALWAYS_SEARCH_USER_PATHS = NO;
				CLANG_CXX_LANGUAGE_STANDARD = "gnu++0x";
				CLANG_CXX_LIBRARY = "libc++";
				CLANG_ENABLE_MODULES = YES;
				CLANG_ENABLE_OBJC_ARC = YES;
				CLANG_WARN_BOOL_CONVERSION = YES;
				CLANG_WARN_CONSTANT_CONVERSION = YES;
				CLANG_WARN_DIRECT_OBJC_ISA_USAGE = YES_ERROR;
				CLANG_WARN_EMPTY_BODY = YES;
				CLANG_WARN_ENUM_CONVERSION = YES;
				CLANG_WARN_INT_CONVERSION = YES;
				CLANG_WARN_OBJC_ROOT_CLASS = YES_ERROR;
				CLANG_WARN_UNREACHABLE_CODE = YES;
				CLANG_WARN__DUPLICATE_METHOD_MATCH = YES;
				"CODE_SIGN_IDENTITY[sdk=iphoneos*]" = "iPhone Developer";
				COPY_PHASE_STRIP = NO;
				ENABLE_STRICT_OBJC_MSGSEND = YES;
				GCC_C_LANGUAGE_STANDARD = gnu99;
				GCC_DYNAMIC_NO_PIC = NO;
				GCC_OPTIMIZATION_LEVEL = 0;
				GCC_PREPROCESSOR_DEFINITIONS = (
					"DEBUG=1",
					"$(inherited)",
				);
				GCC_SYMBOLS_PRIVATE_EXTERN = NO;
				GCC_WARN_64_TO_32_BIT_CONVERSION = YES;
				GCC_WARN_ABOUT_RETURN_TYPE = YES_ERROR;
				GCC_WARN_UNDECLARED_SELECTOR = YES;
				GCC_WARN_UNINITIALIZED_AUTOS = YES_AGGRESSIVE;
				GCC_WARN_UNUSED_FUNCTION = YES;
				GCC_WARN_UNUSED_VARIABLE = YES;
				IPHONEOS_DEPLOYMENT_TARGET = 8.2;
				MTL_ENABLE_DEBUG_INFO = YES;
				ONLY_ACTIVE_ARCH = YES;
				SDKROOT = iphoneos;
				TARGETED_DEVICE_FAMILY = "1,2";
			};
			name = Debug;
		};
		82251B1D1AC989B7001F6DD4 /* Release */ = {
			isa = XCBuildConfiguration;
			buildSettings = {
				ALWAYS_SEARCH_USER_PATHS = NO;
				CLANG_CXX_LANGUAGE_STANDARD = "gnu++0x";
				CLANG_CXX_LIBRARY = "libc++";
				CLANG_ENABLE_MODULES = YES;
				CLANG_ENABLE_OBJC_ARC = YES;
				CLANG_WARN_BOOL_CONVERSION = YES;
				CLANG_WARN_CONSTANT_CONVERSION = YES;
				CLANG_WARN_DIRECT_OBJC_ISA_USAGE = YES_ERROR;
				CLANG_WARN_EMPTY_BODY = YES;
				CLANG_WARN_ENUM_CONVERSION = YES;
				CLANG_WARN_INT_CONVERSION = YES;
				CLANG_WARN_OBJC_ROOT_CLASS = YES_ERROR;
				CLANG_WARN_UNREACHABLE_CODE = YES;
				CLANG_WARN__DUPLICATE_METHOD_MATCH = YES;
				"CODE_SIGN_IDENTITY[sdk=iphoneos*]" = "iPhone Developer";
				COPY_PHASE_STRIP = NO;
				ENABLE_NS_ASSERTIONS = NO;
				ENABLE_STRICT_OBJC_MSGSEND = YES;
				GCC_C_LANGUAGE_STANDARD = gnu99;
				GCC_WARN_64_TO_32_BIT_CONVERSION = YES;
				GCC_WARN_ABOUT_RETURN_TYPE = YES_ERROR;
				GCC_WARN_UNDECLARED_SELECTOR = YES;
				GCC_WARN_UNINITIALIZED_AUTOS = YES_AGGRESSIVE;
				GCC_WARN_UNUSED_FUNCTION = YES;
				GCC_WARN_UNUSED_VARIABLE = YES;
				IPHONEOS_DEPLOYMENT_TARGET = 8.2;
				MTL_ENABLE_DEBUG_INFO = NO;
				SDKROOT = iphoneos;
				TARGETED_DEVICE_FAMILY = "1,2";
				VALIDATE_PRODUCT = YES;
			};
			name = Release;
		};
		82251B1F1AC989B7001F6DD4 /* Debug */ = {
			isa = XCBuildConfiguration;
			buildSettings = {
				ASSETCATALOG_COMPILER_APPICON_NAME = AppIcon;
				INFOPLIST_FILE = ECHackDemoApp/Info.plist;
				LD_RUNPATH_SEARCH_PATHS = "$(inherited) @executable_path/Frameworks";
				PRODUCT_NAME = "$(TARGET_NAME)";
			};
			name = Debug;
		};
		82251B201AC989B7001F6DD4 /* Release */ = {
			isa = XCBuildConfiguration;
			buildSettings = {
				ASSETCATALOG_COMPILER_APPICON_NAME = AppIcon;
				INFOPLIST_FILE = ECHackDemoApp/Info.plist;
				LD_RUNPATH_SEARCH_PATHS = "$(inherited) @executable_path/Frameworks";
				PRODUCT_NAME = "$(TARGET_NAME)";
			};
			name = Release;
		};
		82251B221AC989B7001F6DD4 /* Debug */ = {
			isa = XCBuildConfiguration;
			buildSettings = {
				BUNDLE_LOADER = "$(TEST_HOST)";
				FRAMEWORK_SEARCH_PATHS = (
					"$(SDKROOT)/Developer/Library/Frameworks",
					"$(inherited)",
				);
				GCC_PREPROCESSOR_DEFINITIONS = (
					"DEBUG=1",
					"$(inherited)",
				);
				INFOPLIST_FILE = ECHackDemoAppTests/Info.plist;
				LD_RUNPATH_SEARCH_PATHS = "$(inherited) @executable_path/Frameworks @loader_path/Frameworks";
				PRODUCT_NAME = "$(TARGET_NAME)";
				TEST_HOST = "$(BUILT_PRODUCTS_DIR)/ECHackDemoApp.app/ECHackDemoApp";
			};
			name = Debug;
		};
		82251B231AC989B7001F6DD4 /* Release */ = {
			isa = XCBuildConfiguration;
			buildSettings = {
				BUNDLE_LOADER = "$(TEST_HOST)";
				FRAMEWORK_SEARCH_PATHS = (
					"$(SDKROOT)/Developer/Library/Frameworks",
					"$(inherited)",
				);
				INFOPLIST_FILE = ECHackDemoAppTests/Info.plist;
				LD_RUNPATH_SEARCH_PATHS = "$(inherited) @executable_path/Frameworks @loader_path/Frameworks";
				PRODUCT_NAME = "$(TARGET_NAME)";
				TEST_HOST = "$(BUILT_PRODUCTS_DIR)/ECHackDemoApp.app/ECHackDemoApp";
			};
			name = Release;
		};
/* End XCBuildConfiguration section */

/* Begin XCConfigurationList section */
		82251AF31AC989B7001F6DD4 /* Build configuration list for PBXProject "ECHackDemoApp" */ = {
			isa = XCConfigurationList;
			buildConfigurations = (
				82251B1C1AC989B7001F6DD4 /* Debug */,
				82251B1D1AC989B7001F6DD4 /* Release */,
			);
			defaultConfigurationIsVisible = 0;
			defaultConfigurationName = Release;
		};
		82251B1E1AC989B7001F6DD4 /* Build configuration list for PBXNativeTarget "ECHackDemoApp" */ = {
			isa = XCConfigurationList;
			buildConfigurations = (
				82251B1F1AC989B7001F6DD4 /* Debug */,
				82251B201AC989B7001F6DD4 /* Release */,
			);
			defaultConfigurationIsVisible = 0;
		};
		82251B211AC989B7001F6DD4 /* Build configuration list for PBXNativeTarget "ECHackDemoAppTests" */ = {
			isa = XCConfigurationList;
			buildConfigurations = (
				82251B221AC989B7001F6DD4 /* Debug */,
				82251B231AC989B7001F6DD4 /* Release */,
			);
			defaultConfigurationIsVisible = 0;
		};
/* End XCConfigurationList section */

/* Begin XCVersionGroup section */
		82251B021AC989B7001F6DD4 /* ECHackDemoApp.xcdatamodeld */ = {
			isa = XCVersionGroup;
			children = (
				82251B031AC989B7001F6DD4 /* ECHackDemoApp.xcdatamodel */,
			);
			currentVersion = 82251B031AC989B7001F6DD4 /* ECHackDemoApp.xcdatamodel */;
			path = ECHackDemoApp.xcdatamodeld;
			sourceTree = "<group>";
			versionGroupType = wrapper.xcdatamodel;
		};
/* End XCVersionGroup section */
	};
	rootObject = 82251AF01AC989B7001F6DD4 /* Project object */;
}
